
Microsoft Visual Studio Solution File, Format Version 11.00
# Visual Studio 2010
Project("{FAE04EC0-301F-11D3-BF4B-00C04F79EFBC}") = "ClientSideRouting", "ClientSideRouting\ClientSideRouting.csproj", "{BF9D3102-A328-4383-B115-CC1E67CBDCFC}"
EndProject
Project("{FAE04EC0-301F-11D3-BF4B-00C04F79EFBC}") = "Test", "Test\Test.csproj", "{18D47963-D9B6-4353-A719-9E61E7500FFC}"
EndProject
Project("{2150E333-8FDC-42A3-9474-1A3956D46DE8}") = "Solution Items", "Solution Items", "{A4D16B02-1996-468B-8032-E2B472A63570}"
	ProjectSection(SolutionItems) = preProject
		ClientSideRouting.vsmdi = ClientSideRouting.vsmdi
		Local.testsettings = Local.testsettings
		TraceAndTestImpact.testsettings = TraceAndTestImpact.testsettings
	EndProjectSection
EndProject
Global
	GlobalSection(TestCaseManagementSettings) = postSolution
		CategoryFile = ClientSideRouting.vsmdi
	EndGlobalSection
	GlobalSection(SolutionConfigurationPlatforms) = preSolution
		Debug|Any CPU = Debug|Any CPU
		Release|Any CPU = Release|Any CPU
	EndGlobalSection
	GlobalSection(ProjectConfigurationPlatforms) = postSolution
		{BF9D3102-A328-4383-B115-CC1E67CBDCFC}.Debug|Any CPU.ActiveCfg = Debug|Any CPU
		{BF9D3102-A328-4383-B115-CC1E67CBDCFC}.Debug|Any CPU.Build.0 = Debug|Any CPU
		{BF9D3102-A328-4383-B115-CC1E67CBDCFC}.Release|Any CPU.ActiveCfg = Release|Any CPU
		{BF9D3102-A328-4383-B115-CC1E67CBDCFC}.Release|Any CPU.Build.0 = Release|Any CPU
		{18D47963-D9B6-4353-A719-9E61E7500FFC}.Debug|Any CPU.ActiveCfg = Debug|Any CPU
		{18D47963-D9B6-4353-A719-9E61E7500FFC}.Debug|Any CPU.Build.0 = Debug|Any CPU
		{18D47963-D9B6-4353-A719-9E61E7500FFC}.Release|Any CPU.ActiveCfg = Release|Any CPU
		{18D47963-D9B6-4353-A719-9E61E7500FFC}.Release|Any CPU.Build.0 = Release|Any CPU
	EndGlobalSection
	GlobalSection(SolutionProperties) = preSolution
		HideSolutionNode = FALSE
	EndGlobalSection
EndGlobal
